
Microsoft Visual Studio Solution File, Format Version 12.00
# Visual Studio Version 16
VisualStudioVersion = 16.0.29306.81
MinimumVisualStudioVersion = 10.0.40219.1
Project("{2150E333-8FDC-42A3-9474-1A3956D46DE8}") = "ServiceStack.Redis", "ServiceStack.Redis", "{4A79DF88-36F2-4D6F-BFD1-2D4D18CE5875}"
EndProject
Project("{9A19103F-16F7-4668-BE54-9A1E7A4F7556}") = "Redis", "Redis\Redis.csproj", "{AAB3DEED-6AB0-4BC4-A626-93251538F4EE}"
EndProject
Project("{2150E333-8FDC-42A3-9474-1A3956D46DE8}") = "MongoDB", "MongoDB", "{0435B263-3621-4BEE-A8EB-31E0F5823FBE}"
EndProject
Project("{9A19103F-16F7-4668-BE54-9A1E7A4F7556}") = "Mongo", "Mongo\Mongo.csproj", "{7F9AB8ED-83AB-49F6-BE9A-BDF3780017E0}"
EndProject
Project("{2150E333-8FDC-42A3-9474-1A3956D46DE8}") = "Pdf", "Pdf", "{000B3DE0-8F75-4032-920B-BDB81460CCD1}"
EndProject
Project("{9A19103F-16F7-4668-BE54-9A1E7A4F7556}") = "PdfOperate", "PdfOperate\PdfOperate.csproj", "{3CB6BF15-167F-47AA-B7E4-2E33AF3B86B9}"
EndProject
Project("{2150E333-8FDC-42A3-9474-1A3956D46DE8}") = "Asp.net Core AuthorManager", "Asp.net Core AuthorManager", "{CA2D46F5-2961-4F3D-BA4D-4124E678CCF6}"
EndProject
Project("{9A19103F-16F7-4668-BE54-9A1E7A4F7556}") = "MyAuthorManager", "MyAuthorManager\MyAuthorManager.csproj", "{F0A1FFAF-8FC8-4EEB-80E9-121A0B622296}"
EndProject
Project("{9A19103F-16F7-4668-BE54-9A1E7A4F7556}") = "MyCore", "MyCore\MyCore.csproj", "{366C2005-249B-4559-B247-1C1EA90275A4}"
EndProject
Project("{9A19103F-16F7-4668-BE54-9A1E7A4F7556}") = "MyDomain", "MyDomain\MyDomain.csproj", "{98E58BE4-C173-4D9D-B648-062B8E82133A}"
EndProject
Project("{9A19103F-16F7-4668-BE54-9A1E7A4F7556}") = "MyApplications", "MyApplications\MyApplications.csproj", "{3B116F14-34FA-420F-AC59-F9D2C8738CBC}"
EndProject
Project("{2150E333-8FDC-42A3-9474-1A3956D46DE8}") = "04.Interface", "04.Interface", "{AB506DC1-49FC-4B29-AF76-05E0EB2649DA}"
EndProject
Project("{2150E333-8FDC-42A3-9474-1A3956D46DE8}") = "03.Domain", "03.Domain", "{68CA2268-B330-4F87-844E-AE5E1DF1615A}"
EndProject
Project("{2150E333-8FDC-42A3-9474-1A3956D46DE8}") = "02.Application", "02.Application", "{7995AFCC-3368-4CFA-8C11-9DF62DB7EFBA}"
EndProject
Project("{2150E333-8FDC-42A3-9474-1A3956D46DE8}") = "01.Manager", "01.Manager", "{43D0D4C1-6153-456D-960B-0D763DE7626A}"
EndProject
Project("{FAE04EC0-301F-11D3-BF4B-00C04F79EFBC}") = "MyUtility", "MyUtility\MyUtility.csproj", "{D7C4E103-4202-4B0C-B74E-44918A2660ED}"
EndProject
Global
	GlobalSection(SolutionConfigurationPlatforms) = preSolution
		Debug|Any CPU = Debug|Any CPU
		Release|Any CPU = Release|Any CPU
	EndGlobalSection
	GlobalSection(ProjectConfigurationPlatforms) = postSolution
		{AAB3DEED-6AB0-4BC4-A626-93251538F4EE}.Debug|Any CPU.ActiveCfg = Debug|Any CPU
		{AAB3DEED-6AB0-4BC4-A626-93251538F4EE}.Debug|Any CPU.Build.0 = Debug|Any CPU
		{AAB3DEED-6AB0-4BC4-A626-93251538F4EE}.Release|Any CPU.ActiveCfg = Release|Any CPU
		{AAB3DEED-6AB0-4BC4-A626-93251538F4EE}.Release|Any CPU.Build.0 = Release|Any CPU
		{7F9AB8ED-83AB-49F6-BE9A-BDF3780017E0}.Debug|Any CPU.ActiveCfg = Debug|Any CPU
		{7F9AB8ED-83AB-49F6-BE9A-BDF3780017E0}.Debug|Any CPU.Build.0 = Debug|Any CPU
		{7F9AB8ED-83AB-49F6-BE9A-BDF3780017E0}.Release|Any CPU.ActiveCfg = Release|Any CPU
		{7F9AB8ED-83AB-49F6-BE9A-BDF3780017E0}.Release|Any CPU.Build.0 = Release|Any CPU
		{3CB6BF15-167F-47AA-B7E4-2E33AF3B86B9}.Debug|Any CPU.ActiveCfg = Debug|Any CPU
		{3CB6BF15-167F-47AA-B7E4-2E33AF3B86B9}.Debug|Any CPU.Build.0 = Debug|Any CPU
		{3CB6BF15-167F-47AA-B7E4-2E33AF3B86B9}.Release|Any CPU.ActiveCfg = Release|Any CPU
		{3CB6BF15-167F-47AA-B7E4-2E33AF3B86B9}.Release|Any CPU.Build.0 = Release|Any CPU
		{F0A1FFAF-8FC8-4EEB-80E9-121A0B622296}.Debug|Any CPU.ActiveCfg = Debug|Any CPU
		{F0A1FFAF-8FC8-4EEB-80E9-121A0B622296}.Debug|Any CPU.Build.0 = Debug|Any CPU
		{F0A1FFAF-8FC8-4EEB-80E9-121A0B622296}.Release|Any CPU.ActiveCfg = Release|Any CPU
		{F0A1FFAF-8FC8-4EEB-80E9-121A0B622296}.Release|Any CPU.Build.0 = Release|Any CPU
		{366C2005-249B-4559-B247-1C1EA90275A4}.Debug|Any CPU.ActiveCfg = Debug|Any CPU
		{366C2005-249B-4559-B247-1C1EA90275A4}.Debug|Any CPU.Build.0 = Debug|Any CPU
		{366C2005-249B-4559-B247-1C1EA90275A4}.Release|Any CPU.ActiveCfg = Release|Any CPU
		{366C2005-249B-4559-B247-1C1EA90275A4}.Release|Any CPU.Build.0 = Release|Any CPU
		{98E58BE4-C173-4D9D-B648-062B8E82133A}.Debug|Any CPU.ActiveCfg = Debug|Any CPU
		{98E58BE4-C173-4D9D-B648-062B8E82133A}.Debug|Any CPU.Build.0 = Debug|Any CPU
		{98E58BE4-C173-4D9D-B648-062B8E82133A}.Release|Any CPU.ActiveCfg = Release|Any CPU
		{98E58BE4-C173-4D9D-B648-062B8E82133A}.Release|Any CPU.Build.0 = Release|Any CPU
		{3B116F14-34FA-420F-AC59-F9D2C8738CBC}.Debug|Any CPU.ActiveCfg = Debug|Any CPU
		{3B116F14-34FA-420F-AC59-F9D2C8738CBC}.Debug|Any CPU.Build.0 = Debug|Any CPU
		{3B116F14-34FA-420F-AC59-F9D2C8738CBC}.Release|Any CPU.ActiveCfg = Release|Any CPU
		{3B116F14-34FA-420F-AC59-F9D2C8738CBC}.Release|Any CPU.Build.0 = Release|Any CPU
		{D7C4E103-4202-4B0C-B74E-44918A2660ED}.Debug|Any CPU.ActiveCfg = Debug|Any CPU
		{D7C4E103-4202-4B0C-B74E-44918A2660ED}.Debug|Any CPU.Build.0 = Debug|Any CPU
		{D7C4E103-4202-4B0C-B74E-44918A2660ED}.Release|Any CPU.ActiveCfg = Release|Any CPU
		{D7C4E103-4202-4B0C-B74E-44918A2660ED}.Release|Any CPU.Build.0 = Release|Any CPU
	EndGlobalSection
	GlobalSection(SolutionProperties) = preSolution
		HideSolutionNode = FALSE
	EndGlobalSection
	GlobalSection(NestedProjects) = preSolution
		{AAB3DEED-6AB0-4BC4-A626-93251538F4EE} = {4A79DF88-36F2-4D6F-BFD1-2D4D18CE5875}
		{7F9AB8ED-83AB-49F6-BE9A-BDF3780017E0} = {0435B263-3621-4BEE-A8EB-31E0F5823FBE}
		{3CB6BF15-167F-47AA-B7E4-2E33AF3B86B9} = {000B3DE0-8F75-4032-920B-BDB81460CCD1}
		{F0A1FFAF-8FC8-4EEB-80E9-121A0B622296} = {43D0D4C1-6153-456D-960B-0D763DE7626A}
		{366C2005-249B-4559-B247-1C1EA90275A4} = {AB506DC1-49FC-4B29-AF76-05E0EB2649DA}
		{98E58BE4-C173-4D9D-B648-062B8E82133A} = {68CA2268-B330-4F87-844E-AE5E1DF1615A}
		{3B116F14-34FA-420F-AC59-F9D2C8738CBC} = {7995AFCC-3368-4CFA-8C11-9DF62DB7EFBA}
		{AB506DC1-49FC-4B29-AF76-05E0EB2649DA} = {CA2D46F5-2961-4F3D-BA4D-4124E678CCF6}
		{68CA2268-B330-4F87-844E-AE5E1DF1615A} = {CA2D46F5-2961-4F3D-BA4D-4124E678CCF6}
		{7995AFCC-3368-4CFA-8C11-9DF62DB7EFBA} = {CA2D46F5-2961-4F3D-BA4D-4124E678CCF6}
		{43D0D4C1-6153-456D-960B-0D763DE7626A} = {CA2D46F5-2961-4F3D-BA4D-4124E678CCF6}
		{D7C4E103-4202-4B0C-B74E-44918A2660ED} = {AB506DC1-49FC-4B29-AF76-05E0EB2649DA}
	EndGlobalSection
	GlobalSection(ExtensibilityGlobals) = postSolution
		SolutionGuid = {0503CE6D-7D93-443E-941C-052ED2966FC4}
	EndGlobalSection
EndGlobal
