
Microsoft Visual Studio Solution File, Format Version 12.00
# Visual Studio Version 16
VisualStudioVersion = 16.0.29306.81
MinimumVisualStudioVersion = 10.0.40219.1
Project("{2150E333-8FDC-42A3-9474-1A3956D46DE8}") = "ServiceStack.Redis", "ServiceStack.Redis", "{4A79DF88-36F2-4D6F-BFD1-2D4D18CE5875}"
EndProject
Project("{9A19103F-16F7-4668-BE54-9A1E7A4F7556}") = "Redis", "Redis\Redis.csproj", "{AAB3DEED-6AB0-4BC4-A626-93251538F4EE}"
EndProject
Project("{2150E333-8FDC-42A3-9474-1A3956D46DE8}") = "MongoDB", "MongoDB", "{0435B263-3621-4BEE-A8EB-31E0F5823FBE}"
EndProject
Project("{9A19103F-16F7-4668-BE54-9A1E7A4F7556}") = "Mongo", "Mongo\Mongo.csproj", "{7F9AB8ED-83AB-49F6-BE9A-BDF3780017E0}"
EndProject
Project("{2150E333-8FDC-42A3-9474-1A3956D46DE8}") = "Pdf", "Pdf", "{000B3DE0-8F75-4032-920B-BDB81460CCD1}"
EndProject
Project("{9A19103F-16F7-4668-BE54-9A1E7A4F7556}") = "PdfOperate", "PdfOperate\PdfOperate.csproj", "{3CB6BF15-167F-47AA-B7E4-2E33AF3B86B9}"
EndProject
Project("{2150E333-8FDC-42A3-9474-1A3956D46DE8}") = "Asp.net Core AuthorManager", "Asp.net Core AuthorManager", "{CA2D46F5-2961-4F3D-BA4D-4124E678CCF6}"
EndProject
Project("{9A19103F-16F7-4668-BE54-9A1E7A4F7556}") = "MyAuthorManager", "MyAuthorManager\MyAuthorManager.csproj", "{F0A1FFAF-8FC8-4EEB-80E9-121A0B622296}"
EndProject
Project("{9A19103F-16F7-4668-BE54-9A1E7A4F7556}") = "MyCore", "MyCore\MyCore.csproj", "{366C2005-249B-4559-B247-1C1EA90275A4}"
EndProject
Project("{9A19103F-16F7-4668-BE54-9A1E7A4F7556}") = "MyDomain", "MyDomain\MyDomain.csproj", "{98E58BE4-C173-4D9D-B648-062B8E82133A}"
EndProject
Project("{FAE04EC0-301F-11D3-BF4B-00C04F79EFBC}") = "MyApplication", "MyApplication\MyApplication.csproj", "{B79E3F63-A564-47DE-BBD7-94170EE10D66}"
EndProject
Global
	GlobalSection(SolutionConfigurationPlatforms) = preSolution
		Debug|Any CPU = Debug|Any CPU
		Release|Any CPU = Release|Any CPU
	EndGlobalSection
	GlobalSection(ProjectConfigurationPlatforms) = postSolution
		{AAB3DEED-6AB0-4BC4-A626-93251538F4EE}.Debug|Any CPU.ActiveCfg = Debug|Any CPU
		{AAB3DEED-6AB0-4BC4-A626-93251538F4EE}.Debug|Any CPU.Build.0 = Debug|Any CPU
		{AAB3DEED-6AB0-4BC4-A626-93251538F4EE}.Release|Any CPU.ActiveCfg = Release|Any CPU
		{AAB3DEED-6AB0-4BC4-A626-93251538F4EE}.Release|Any CPU.Build.0 = Release|Any CPU
		{7F9AB8ED-83AB-49F6-BE9A-BDF3780017E0}.Debug|Any CPU.ActiveCfg = Debug|Any CPU
		{7F9AB8ED-83AB-49F6-BE9A-BDF3780017E0}.Debug|Any CPU.Build.0 = Debug|Any CPU
		{7F9AB8ED-83AB-49F6-BE9A-BDF3780017E0}.Release|Any CPU.ActiveCfg = Release|Any CPU
		{7F9AB8ED-83AB-49F6-BE9A-BDF3780017E0}.Release|Any CPU.Build.0 = Release|Any CPU
		{3CB6BF15-167F-47AA-B7E4-2E33AF3B86B9}.Debug|Any CPU.ActiveCfg = Debug|Any CPU
		{3CB6BF15-167F-47AA-B7E4-2E33AF3B86B9}.Debug|Any CPU.Build.0 = Debug|Any CPU
		{3CB6BF15-167F-47AA-B7E4-2E33AF3B86B9}.Release|Any CPU.ActiveCfg = Release|Any CPU
		{3CB6BF15-167F-47AA-B7E4-2E33AF3B86B9}.Release|Any CPU.Build.0 = Release|Any CPU
		{F0A1FFAF-8FC8-4EEB-80E9-121A0B622296}.Debug|Any CPU.ActiveCfg = Debug|Any CPU
		{F0A1FFAF-8FC8-4EEB-80E9-121A0B622296}.Debug|Any CPU.Build.0 = Debug|Any CPU
		{F0A1FFAF-8FC8-4EEB-80E9-121A0B622296}.Release|Any CPU.ActiveCfg = Release|Any CPU
		{F0A1FFAF-8FC8-4EEB-80E9-121A0B622296}.Release|Any CPU.Build.0 = Release|Any CPU
		{366C2005-249B-4559-B247-1C1EA90275A4}.Debug|Any CPU.ActiveCfg = Debug|Any CPU
		{366C2005-249B-4559-B247-1C1EA90275A4}.Debug|Any CPU.Build.0 = Debug|Any CPU
		{366C2005-249B-4559-B247-1C1EA90275A4}.Release|Any CPU.ActiveCfg = Release|Any CPU
		{366C2005-249B-4559-B247-1C1EA90275A4}.Release|Any CPU.Build.0 = Release|Any CPU
		{98E58BE4-C173-4D9D-B648-062B8E82133A}.Debug|Any CPU.ActiveCfg = Debug|Any CPU
		{98E58BE4-C173-4D9D-B648-062B8E82133A}.Debug|Any CPU.Build.0 = Debug|Any CPU
		{98E58BE4-C173-4D9D-B648-062B8E82133A}.Release|Any CPU.ActiveCfg = Release|Any CPU
		{98E58BE4-C173-4D9D-B648-062B8E82133A}.Release|Any CPU.Build.0 = Release|Any CPU
		{B79E3F63-A564-47DE-BBD7-94170EE10D66}.Debug|Any CPU.ActiveCfg = Debug|Any CPU
		{B79E3F63-A564-47DE-BBD7-94170EE10D66}.Debug|Any CPU.Build.0 = Debug|Any CPU
		{B79E3F63-A564-47DE-BBD7-94170EE10D66}.Release|Any CPU.ActiveCfg = Release|Any CPU
		{B79E3F63-A564-47DE-BBD7-94170EE10D66}.Release|Any CPU.Build.0 = Release|Any CPU
	EndGlobalSection
	GlobalSection(SolutionProperties) = preSolution
		HideSolutionNode = FALSE
	EndGlobalSection
	GlobalSection(NestedProjects) = preSolution
		{AAB3DEED-6AB0-4BC4-A626-93251538F4EE} = {4A79DF88-36F2-4D6F-BFD1-2D4D18CE5875}
		{7F9AB8ED-83AB-49F6-BE9A-BDF3780017E0} = {0435B263-3621-4BEE-A8EB-31E0F5823FBE}
		{3CB6BF15-167F-47AA-B7E4-2E33AF3B86B9} = {000B3DE0-8F75-4032-920B-BDB81460CCD1}
		{F0A1FFAF-8FC8-4EEB-80E9-121A0B622296} = {CA2D46F5-2961-4F3D-BA4D-4124E678CCF6}
		{366C2005-249B-4559-B247-1C1EA90275A4} = {CA2D46F5-2961-4F3D-BA4D-4124E678CCF6}
		{98E58BE4-C173-4D9D-B648-062B8E82133A} = {CA2D46F5-2961-4F3D-BA4D-4124E678CCF6}
		{B79E3F63-A564-47DE-BBD7-94170EE10D66} = {CA2D46F5-2961-4F3D-BA4D-4124E678CCF6}
	EndGlobalSection
	GlobalSection(ExtensibilityGlobals) = postSolution
		SolutionGuid = {0503CE6D-7D93-443E-941C-052ED2966FC4}
	EndGlobalSection
EndGlobal
